
Microsoft Visual Studio Solution File, Format Version 12.00
Project("{FAE04EC0-301F-11D3-BF4B-00C04F79EFBC}") = "asset-register-tests", "asset-register-tests\asset-register-tests.csproj", "{149ACA25-239C-4FAF-88FC-A5A15F0AD4BA}"
EndProject
Project("{FAE04EC0-301F-11D3-BF4B-00C04F79EFBC}") = "asset-register-api", "asset-register-api\asset-register-api.csproj", "{8B2F1614-46C7-4FD3-9EF8-03E894664B0E}"
EndProject
Global
	GlobalSection(SolutionConfigurationPlatforms) = preSolution
		Debug|Any CPU = Debug|Any CPU
		Release|Any CPU = Release|Any CPU
	EndGlobalSection
	GlobalSection(ProjectConfigurationPlatforms) = postSolution
		{149ACA25-239C-4FAF-88FC-A5A15F0AD4BA}.Debug|Any CPU.ActiveCfg = Debug|Any CPU
		{149ACA25-239C-4FAF-88FC-A5A15F0AD4BA}.Debug|Any CPU.Build.0 = Debug|Any CPU
		{149ACA25-239C-4FAF-88FC-A5A15F0AD4BA}.Release|Any CPU.ActiveCfg = Release|Any CPU
		{149ACA25-239C-4FAF-88FC-A5A15F0AD4BA}.Release|Any CPU.Build.0 = Release|Any CPU
		{8B2F1614-46C7-4FD3-9EF8-03E894664B0E}.Debug|Any CPU.ActiveCfg = Debug|Any CPU
		{8B2F1614-46C7-4FD3-9EF8-03E894664B0E}.Debug|Any CPU.Build.0 = Debug|Any CPU
		{8B2F1614-46C7-4FD3-9EF8-03E894664B0E}.Release|Any CPU.ActiveCfg = Release|Any CPU
		{8B2F1614-46C7-4FD3-9EF8-03E894664B0E}.Release|Any CPU.Build.0 = Release|Any CPU
	EndGlobalSection
EndGlobal
